
Microsoft Visual Studio Solution File, Format Version 12.00
# Visual Studio Version 16
VisualStudioVersion = 25.0.1706.7
MinimumVisualStudioVersion = 10.0.40219.1
Project("{FAE04EC0-301F-11D3-BF4B-00C04F79EFBC}") = "CountryRanking", "CountryRanking\CountryRanking.csproj", "{7D593512-789F-414B-AA6A-4972B79F9D66}"
EndProject
Project("{E53339B2-1760-4266-BCC7-CA923CBCF16C}") = "docker-compose", "docker-compose.dcproj", "{0CB1E615-B2B0-4DFC-BCC6-01365815A8CC}"
EndProject
Global
	GlobalSection(SolutionConfigurationPlatforms) = preSolution
		Debug|Any CPU = Debug|Any CPU
		Release|Any CPU = Release|Any CPU
	EndGlobalSection
	GlobalSection(ProjectConfigurationPlatforms) = postSolution
		{7D593512-789F-414B-AA6A-4972B79F9D66}.Debug|Any CPU.ActiveCfg = Debug|Any CPU
		{7D593512-789F-414B-AA6A-4972B79F9D66}.Debug|Any CPU.Build.0 = Debug|Any CPU
		{7D593512-789F-414B-AA6A-4972B79F9D66}.Release|Any CPU.ActiveCfg = Release|Any CPU
		{7D593512-789F-414B-AA6A-4972B79F9D66}.Release|Any CPU.Build.0 = Release|Any CPU
		{0CB1E615-B2B0-4DFC-BCC6-01365815A8CC}.Debug|Any CPU.ActiveCfg = Debug|Any CPU
		{0CB1E615-B2B0-4DFC-BCC6-01365815A8CC}.Debug|Any CPU.Build.0 = Debug|Any CPU
		{0CB1E615-B2B0-4DFC-BCC6-01365815A8CC}.Release|Any CPU.ActiveCfg = Release|Any CPU
		{0CB1E615-B2B0-4DFC-BCC6-01365815A8CC}.Release|Any CPU.Build.0 = Release|Any CPU
	EndGlobalSection
	GlobalSection(SolutionProperties) = preSolution
		HideSolutionNode = FALSE
	EndGlobalSection
	GlobalSection(ExtensibilityGlobals) = postSolution
		SolutionGuid = {18C4BB50-7D8D-4308-99DA-CFEB9F6DA359}
	EndGlobalSection
EndGlobal
